
Microsoft Visual Studio Solution File, Format Version 12.00
# Visual Studio Version 17
VisualStudioVersion = 17.0.31903.59
MinimumVisualStudioVersion = 10.0.40219.1
Project("{FAE04EC0-301F-11D3-BF4B-00C04F79EFBC}") = "Delegates", "Delegates\Delegates.csproj", "{4BD18981-06E7-41B2-A2EF-A9A200ACDE58}"
EndProject
Project("{FAE04EC0-301F-11D3-BF4B-00C04F79EFBC}") = "CLibrary", "CLibrary\CLibrary.csproj", "{BA6269C3-EDC0-4440-8EA5-FFD9BB0687C1}"
EndProject
Global
	GlobalSection(SolutionConfigurationPlatforms) = preSolution
		Debug|Any CPU = Debug|Any CPU
		Release|Any CPU = Release|Any CPU
	EndGlobalSection
	GlobalSection(SolutionProperties) = preSolution
		HideSolutionNode = FALSE
	EndGlobalSection
	GlobalSection(ProjectConfigurationPlatforms) = postSolution
		{4BD18981-06E7-41B2-A2EF-A9A200ACDE58}.Debug|Any CPU.ActiveCfg = Debug|Any CPU
		{4BD18981-06E7-41B2-A2EF-A9A200ACDE58}.Debug|Any CPU.Build.0 = Debug|Any CPU
		{4BD18981-06E7-41B2-A2EF-A9A200ACDE58}.Release|Any CPU.ActiveCfg = Release|Any CPU
		{4BD18981-06E7-41B2-A2EF-A9A200ACDE58}.Release|Any CPU.Build.0 = Release|Any CPU
		{BA6269C3-EDC0-4440-8EA5-FFD9BB0687C1}.Debug|Any CPU.ActiveCfg = Debug|Any CPU
		{BA6269C3-EDC0-4440-8EA5-FFD9BB0687C1}.Debug|Any CPU.Build.0 = Debug|Any CPU
		{BA6269C3-EDC0-4440-8EA5-FFD9BB0687C1}.Release|Any CPU.ActiveCfg = Release|Any CPU
		{BA6269C3-EDC0-4440-8EA5-FFD9BB0687C1}.Release|Any CPU.Build.0 = Release|Any CPU
	EndGlobalSection
EndGlobal
